<?xml version="1.0" encoding="utf-8"?>
<Project ToolsVersion="4.0" xmlns="http://schemas.microsoft.com/developer/msbuild/2003">
  <ItemGroup>
    <ClCompile Include="Camera.cpp">
      <Filter>Engine\Graphics\Camera</Filter>
    </ClCompile>
    <ClCompile Include="Cursor.cpp">
      <Filter>Engine\Input\Cursor</Filter>
    </ClCompile>
    <ClCompile Include="CWindow.cpp">
      <Filter>Main</Filter>
    </ClCompile>
    <ClCompile Include="main.cpp">
      <Filter>Main</Filter>
    </ClCompile>
    <ClCompile Include="Game.cpp">
      <Filter>Game</Filter>
    </ClCompile>
    <ClCompile Include="Drawable.cpp">
      <Filter>Engine\Graphics\Drawable</Filter>
    </ClCompile>
    <ClCompile Include="DX.cpp">
      <Filter>Engine\DX</Filter>
    </ClCompile>
    <ClCompile Include="Graphics.cpp">
      <Filter>Engine\Graphics</Filter>
    </ClCompile>
    <ClCompile Include="Text.cpp">
      <Filter>Engine\Graphics\Text</Filter>
    </ClCompile>
    <ClCompile Include="Timer.cpp">
      <Filter>Engine\Timer</Filter>
    </ClCompile>
    <ClCompile Include="GameStateManager.cpp">
      <Filter>Game\GameStateManager</Filter>
    </ClCompile>
    <ClCompile Include="BattleCommand.cpp">
      <Filter>Game\Commands/Skills\Commands</Filter>
    </ClCompile>
    <ClCompile Include="Skill.cpp">
      <Filter>Game\Commands/Skills\skills</Filter>
    </ClCompile>
    <ClCompile Include="Entity.cpp">
      <Filter>Game\Entity</Filter>
    </ClCompile>
    <ClCompile Include="Battle.cpp">
      <Filter>Game\GameStates\Tower\Battle</Filter>
    </ClCompile>
    <ClCompile Include="Town.cpp">
      <Filter>Game\GameStates\Town</Filter>
    </ClCompile>
    <ClCompile Include="Shop.cpp">
      <Filter>Game\GameStates\Town\Shop</Filter>
    </ClCompile>
    <ClCompile Include="Tavern.cpp">
      <Filter>Game\GameStates\Town\Tavern</Filter>
    </ClCompile>
    <ClCompile Include="Inn.cpp">
      <Filter>Game\GameStates\Town\Inn</Filter>
    </ClCompile>
    <ClCompile Include="StartMenu.cpp">
      <Filter>Game\GameStates\Menus\StartMenu</Filter>
    </ClCompile>
    <ClCompile Include="Options.cpp">
      <Filter>Game\GameStates\Menus\Options</Filter>
    </ClCompile>
    <ClCompile Include="NewGame.cpp">
      <Filter>Game\GameStates\NewGame</Filter>
    </ClCompile>
    <ClCompile Include="Tower.cpp">
      <Filter>Game\GameStates\Tower</Filter>
    </ClCompile>
    <ClCompile Include="Input.cpp">
      <Filter>Engine\Input\DirectInput</Filter>
    </ClCompile>
    <ClCompile Include="Light.cpp">
      <Filter>Engine\Graphics\Light</Filter>
    </ClCompile>
    <ClCompile Include="Mesh.cpp">
      <Filter>Engine\Graphics\Mesh</Filter>
    </ClCompile>
    <ClCompile Include="Sound.cpp">
      <Filter>Engine\Sound</Filter>
    </ClCompile>
    <ClCompile Include="Slime.cpp">
      <Filter>Game\Enemies\Slime</Filter>
    </ClCompile>
    <ClCompile Include="Grem.cpp">
      <Filter>Game\Player\Characters\Grem</Filter>
    </ClCompile>
    <ClCompile Include="Laz.cpp">
      <Filter>Game\Player\Characters\Lazarus</Filter>
    </ClCompile>
    <ClCompile Include="Lenn.cpp">
      <Filter>Game\Player\Characters\Lenn</Filter>
    </ClCompile>
    <ClCompile Include="FloorGenerator.cpp">
      <Filter>Game\GameStates\Tower\Floorstuff\FloorGenerator</Filter>
    </ClCompile>
    <ClCompile Include="Fight.cpp">
      <Filter>Game\Commands/Skills\Commands\Fight</Filter>
    </ClCompile>
    <ClCompile Include="ItemCMD.cpp">
      <Filter>Game\Commands/Skills\Commands\Item</Filter>
    </ClCompile>
    <ClCompile Include="Run.cpp">
      <Filter>Game\Commands/Skills\Commands\Run</Filter>
    </ClCompile>
    <ClCompile Include="Accessory.cpp">
      <Filter>Game\Items\Equippable\Accessory</Filter>
    </ClCompile>
    <ClCompile Include="Armor.cpp">
      <Filter>Game\Items\Equippable\Armor</Filter>
    </ClCompile>
    <ClCompile Include="Dagger.cpp">
      <Filter>Game\Items\Equippable\Dagger</Filter>
    </ClCompile>
    <ClCompile Include="Rune.cpp">
      <Filter>Game\Items\Equippable\Rune</Filter>
    </ClCompile>
    <ClCompile Include="Spear.cpp">
      <Filter>Game\Items\Equippable\Spear</Filter>
    </ClCompile>
    <ClCompile Include="Staff.cpp">
      <Filter>Game\Items\Equippable\Staff</Filter>
    </ClCompile>
    <ClCompile Include="Equippable.cpp">
      <Filter>Game\Items\Equippable</Filter>
    </ClCompile>
    <ClCompile Include="Item.cpp">
      <Filter>Game\Items\Base Item</Filter>
    </ClCompile>
    <ClCompile Include="ItemFactory.cpp">
      <Filter>Game\Items\ItemFactory</Filter>
    </ClCompile>
    <ClCompile Include="StatusMain.cpp">
      <Filter>Game\GameStates\Menus\StatusMenu\StatusMain</Filter>
    </ClCompile>
    <ClCompile Include="StatMenuManager.cpp">
      <Filter>Game\GameStates\Menus\StatusMenu</Filter>
    </ClCompile>
    <ClCompile Include="InventoryScreen.cpp">
      <Filter>Game\GameStates\Menus\StatusMenu\Inventory</Filter>
    </ClCompile>
    <ClCompile Include="EquipScreen.cpp">
      <Filter>Game\GameStates\Menus\StatusMenu\Equip</Filter>
    </ClCompile>
    <ClCompile Include="SkillsMenu.cpp">
      <Filter>Game\GameStates\Menus\StatusMenu\Skills</Filter>
    </ClCompile>
    <ClCompile Include="StatusScreen.cpp">
      <Filter>Game\GameStates\Menus\StatusMenu\Status</Filter>
    </ClCompile>
    <ClCompile Include="Player.cpp">
      <Filter>Game\Player</Filter>
    </ClCompile>
    <ClCompile Include="Corridor.cpp">
      <Filter>Game\GameStates\Tower\Floorstuff\FloorGenerator</Filter>
    </ClCompile>
    <ClCompile Include="Room.cpp">
      <Filter>Game\GameStates\Tower\Floorstuff\FloorGenerator</Filter>
    </ClCompile>
    <ClCompile Include="FloorCorridor.cpp">
      <Filter>Game\GameStates\Tower\Floorstuff\Floor</Filter>
    </ClCompile>
    <ClCompile Include="FloorRoom.cpp">
      <Filter>Game\GameStates\Tower\Floorstuff\Floor</Filter>
    </ClCompile>
    <ClCompile Include="CorridorFactory.cpp">
      <Filter>Game\GameStates\Tower\Floorstuff\Floor</Filter>
    </ClCompile>
    <ClCompile Include="RageCMD.cpp">
      <Filter>Game\Commands/Skills\Commands\Rage</Filter>
    </ClCompile>
    <ClCompile Include="Subtlety.cpp">
      <Filter>Game\Commands/Skills\Commands\Subtlety</Filter>
    </ClCompile>
    <ClCompile Include="Elemental.cpp">
      <Filter>Game\Commands/Skills\Commands\Elemental</Filter>
    </ClCompile>
    <ClCompile Include="Floor.cpp" />
    <ClCompile Include="Jump.cpp" />
  </ItemGroup>
  <ItemGroup>
    <ClInclude Include="Camera.h">
      <Filter>Engine\Graphics\Camera</Filter>
    </ClInclude>
    <ClInclude Include="Cursor.h">
      <Filter>Engine\Input\Cursor</Filter>
    </ClInclude>
    <ClInclude Include="CWindow.h">
      <Filter>Main</Filter>
    </ClInclude>
    <ClInclude Include="EngineHeaders.h">
      <Filter>Engine</Filter>
    </ClInclude>
    <ClInclude Include="Game.h">
      <Filter>Game</Filter>
    </ClInclude>
    <ClInclude Include="Drawable.h">
      <Filter>Engine\Graphics\Drawable</Filter>
    </ClInclude>
    <ClInclude Include="DX.h">
      <Filter>Engine\DX</Filter>
    </ClInclude>
    <ClInclude Include="Graphics.h">
      <Filter>Engine\Graphics</Filter>
    </ClInclude>
    <ClInclude Include="Text.h">
      <Filter>Engine\Graphics\Text</Filter>
    </ClInclude>
    <ClInclude Include="Timer.h">
      <Filter>Engine\Timer</Filter>
    </ClInclude>
    <ClInclude Include="GameStateManager.h">
      <Filter>Game\GameStateManager</Filter>
    </ClInclude>
    <ClInclude Include="GameState.h">
      <Filter>Game\GameStateManager</Filter>
    </ClInclude>
    <ClInclude Include="BattleCommand.h">
      <Filter>Game\Commands/Skills\Commands</Filter>
    </ClInclude>
    <ClInclude Include="CommandList.h">
      <Filter>Game\Commands/Skills\Commands</Filter>
    </ClInclude>
    <ClInclude Include="Skill.h">
      <Filter>Game\Commands/Skills\skills</Filter>
    </ClInclude>
    <ClInclude Include="Entities.h">
      <Filter>Game\Entity</Filter>
    </ClInclude>
    <ClInclude Include="Entity.h">
      <Filter>Game\Entity</Filter>
    </ClInclude>
    <ClInclude Include="Macros.h">
      <Filter>Engine</Filter>
    </ClInclude>
    <ClInclude Include="gamestates.h">
      <Filter>Game\GameStates</Filter>
    </ClInclude>
    <ClInclude Include="Battle.h">
      <Filter>Game\GameStates\Tower\Battle</Filter>
    </ClInclude>
    <ClInclude Include="Town.h">
      <Filter>Game\GameStates\Town</Filter>
    </ClInclude>
    <ClInclude Include="Shop.h">
      <Filter>Game\GameStates\Town\Shop</Filter>
    </ClInclude>
    <ClInclude Include="Tavern.h">
      <Filter>Game\GameStates\Town\Tavern</Filter>
    </ClInclude>
    <ClInclude Include="Inn.h">
      <Filter>Game\GameStates\Town\Inn</Filter>
    </ClInclude>
    <ClInclude Include="StartMenu.h">
      <Filter>Game\GameStates\Menus\StartMenu</Filter>
    </ClInclude>
    <ClInclude Include="Options.h">
      <Filter>Game\GameStates\Menus\Options</Filter>
    </ClInclude>
    <ClInclude Include="NewGame.h">
      <Filter>Game\GameStates\NewGame</Filter>
    </ClInclude>
    <ClInclude Include="Tower.h">
      <Filter>Game\GameStates\Tower</Filter>
    </ClInclude>
    <ClInclude Include="Input.h">
      <Filter>Engine\Input\DirectInput</Filter>
    </ClInclude>
    <ClInclude Include="Light.h">
      <Filter>Engine\Graphics\Light</Filter>
    </ClInclude>
    <ClInclude Include="Mesh.h">
      <Filter>Engine\Graphics\Mesh</Filter>
    </ClInclude>
    <ClInclude Include="Sound.h">
      <Filter>Engine\Sound</Filter>
    </ClInclude>
    <ClInclude Include="Slime.h">
      <Filter>Game\Enemies\Slime</Filter>
    </ClInclude>
    <ClInclude Include="Laz.h">
      <Filter>Game\Player\Characters\Lazarus</Filter>
    </ClInclude>
    <ClInclude Include="Lenn.h">
      <Filter>Game\Player\Characters\Lenn</Filter>
    </ClInclude>
    <ClInclude Include="Grem.h">
      <Filter>Game\Player\Characters\Grem</Filter>
    </ClInclude>
    <ClInclude Include="FloorGenerator.h">
      <Filter>Game\GameStates\Tower\Floorstuff\FloorGenerator</Filter>
    </ClInclude>
    <ClInclude Include="Fight.h">
      <Filter>Game\Commands/Skills\Commands\Fight</Filter>
    </ClInclude>
    <ClInclude Include="ItemCMD.h">
      <Filter>Game\Commands/Skills\Commands\Item</Filter>
    </ClInclude>
    <ClInclude Include="Run.h">
      <Filter>Game\Commands/Skills\Commands\Run</Filter>
    </ClInclude>
    <ClInclude Include="Accessory.h">
      <Filter>Game\Items\Equippable\Accessory</Filter>
    </ClInclude>
    <ClInclude Include="Armor.h">
      <Filter>Game\Items\Equippable\Armor</Filter>
    </ClInclude>
    <ClInclude Include="Dagger.h">
      <Filter>Game\Items\Equippable\Dagger</Filter>
    </ClInclude>
    <ClInclude Include="Rune.h">
      <Filter>Game\Items\Equippable\Rune</Filter>
    </ClInclude>
    <ClInclude Include="Spear.h">
      <Filter>Game\Items\Equippable\Spear</Filter>
    </ClInclude>
    <ClInclude Include="Staff.h">
      <Filter>Game\Items\Equippable\Staff</Filter>
    </ClInclude>
    <ClInclude Include="Equippable.h">
      <Filter>Game\Items\Equippable</Filter>
    </ClInclude>
    <ClInclude Include="Item.h">
      <Filter>Game\Items\Base Item</Filter>
    </ClInclude>
    <ClInclude Include="ItemFactory.h">
      <Filter>Game\Items\ItemFactory</Filter>
    </ClInclude>
    <ClInclude Include="StatusMain.h">
      <Filter>Game\GameStates\Menus\StatusMenu\StatusMain</Filter>
    </ClInclude>
    <ClInclude Include="StatMenuManager.h">
      <Filter>Game\GameStates\Menus\StatusMenu</Filter>
    </ClInclude>
    <ClInclude Include="statusStates.h">
      <Filter>Game\GameStates\Menus\StatusMenu</Filter>
    </ClInclude>
    <ClInclude Include="InventoryScreen.h">
      <Filter>Game\GameStates\Menus\StatusMenu\Inventory</Filter>
    </ClInclude>
    <ClInclude Include="EquipScreen.h">
      <Filter>Game\GameStates\Menus\StatusMenu\Equip</Filter>
    </ClInclude>
    <ClInclude Include="SkillsMenu.h">
      <Filter>Game\GameStates\Menus\StatusMenu\Skills</Filter>
    </ClInclude>
    <ClInclude Include="StatusScreen.h">
      <Filter>Game\GameStates\Menus\StatusMenu\Status</Filter>
    </ClInclude>
    <ClInclude Include="Player.h">
      <Filter>Game\Player</Filter>
    </ClInclude>
    <ClInclude Include="Roomtype.h">
      <Filter>Game\GameStates\Tower\Floorstuff\FloorGenerator</Filter>
    </ClInclude>
    <ClInclude Include="Corridor.h">
      <Filter>Game\GameStates\Tower\Floorstuff\FloorGenerator</Filter>
    </ClInclude>
    <ClInclude Include="Room.h">
      <Filter>Game\GameStates\Tower\Floorstuff\FloorGenerator</Filter>
    </ClInclude>
    <ClInclude Include="FloorCorridor.h">
      <Filter>Game\GameStates\Tower\Floorstuff\Floor</Filter>
    </ClInclude>
    <ClInclude Include="FloorRoom.h">
      <Filter>Game\GameStates\Tower\Floorstuff\Floor</Filter>
    </ClInclude>
    <ClInclude Include="CorridorFactory.h">
      <Filter>Game\GameStates\Tower\Floorstuff\Floor</Filter>
    </ClInclude>
    <ClInclude Include="RageCMD.h">
      <Filter>Game\Commands/Skills\Commands\Rage</Filter>
    </ClInclude>
    <ClInclude Include="Subtlety.h">
      <Filter>Game\Commands/Skills\Commands\Subtlety</Filter>
    </ClInclude>
    <ClInclude Include="Elemental.h">
      <Filter>Game\Commands/Skills\Commands\Elemental</Filter>
    </ClInclude>
    <ClInclude Include="Floor.h" />
    <ClInclude Include="Jump.h" />
  </ItemGroup>
  <ItemGroup>
    <Text Include="BGM.txt">
      <Filter>Assets</Filter>
    </Text>
    <Text Include="Dagger.txt">
      <Filter>Assets</Filter>
    </Text>
    <Text Include="Meshes.txt">
      <Filter>Assets</Filter>
    </Text>
    <Text Include="SoundEffects.txt">
      <Filter>Assets</Filter>
    </Text>
    <Text Include="Spear.txt">
      <Filter>Assets</Filter>
    </Text>
    <Text Include="Staff.txt">
      <Filter>Assets</Filter>
    </Text>
    <Text Include="Textures2D.txt">
      <Filter>Assets</Filter>
    </Text>
    <Text Include="Item.txt">
      <Filter>Assets</Filter>
    </Text>
    <Text Include="Armor.txt">
      <Filter>Assets</Filter>
    </Text>
  </ItemGroup>
  <ItemGroup>
    <Filter Include="Game">
      <UniqueIdentifier>{1175366a-9957-465b-912d-314f6ff58c73}</UniqueIdentifier>
    </Filter>
    <Filter Include="Engine">
      <UniqueIdentifier>{545a9cd2-3d42-47d1-971a-fcc4ac8f3be0}</UniqueIdentifier>
    </Filter>
    <Filter Include="Main">
      <UniqueIdentifier>{be1b0a9d-c762-406f-9ad2-51373d0f10a3}</UniqueIdentifier>
    </Filter>
    <Filter Include="Assets">
      <UniqueIdentifier>{b873ee55-2bf0-43bf-8e58-47790c6f8dcc}</UniqueIdentifier>
    </Filter>
    <Filter Include="Engine\DX">
      <UniqueIdentifier>{aaae8164-9d08-45a1-b88e-4e0e50ebb7b6}</UniqueIdentifier>
    </Filter>
    <Filter Include="Engine\Graphics">
      <UniqueIdentifier>{3347cb37-fcc5-45ac-9855-c80c7c14479f}</UniqueIdentifier>
    </Filter>
    <Filter Include="Engine\Input">
      <UniqueIdentifier>{1d2127b7-8be8-42fd-9043-287bb93c8cf1}</UniqueIdentifier>
    </Filter>
    <Filter Include="Engine\Timer">
      <UniqueIdentifier>{b88d5d1b-730f-4428-ac77-ab0be8fdcc09}</UniqueIdentifier>
    </Filter>
    <Filter Include="Game\GameStateManager">
      <UniqueIdentifier>{0a94c1a4-1cf2-4a40-92dd-ca1a149a44ed}</UniqueIdentifier>
    </Filter>
    <Filter Include="Game\Items">
      <UniqueIdentifier>{07dcb269-0b41-4d53-8768-a3a05df4c031}</UniqueIdentifier>
    </Filter>
    <Filter Include="Game\GameStates">
      <UniqueIdentifier>{6d47178d-f3c0-490f-91d4-971fd34c86c6}</UniqueIdentifier>
    </Filter>
    <Filter Include="Game\Commands/Skills">
      <UniqueIdentifier>{788cd21e-23ba-4be9-a689-e43869dcc3d9}</UniqueIdentifier>
    </Filter>
    <Filter Include="Game\Commands/Skills\Commands">
      <UniqueIdentifier>{4e134f8c-af95-4e9c-b3d6-ff6d075b98ba}</UniqueIdentifier>
    </Filter>
    <Filter Include="Game\Commands/Skills\skills">
      <UniqueIdentifier>{97f3b92d-02a8-40e4-b01e-504edca8468b}</UniqueIdentifier>
    </Filter>
    <Filter Include="Game\Player">
      <UniqueIdentifier>{0ffbba95-c6d3-446b-afb5-18e8d921d8d4}</UniqueIdentifier>
    </Filter>
    <Filter Include="Game\Entity">
      <UniqueIdentifier>{c22029ea-e71e-4af0-beb7-1ec0a0fc530e}</UniqueIdentifier>
    </Filter>
    <Filter Include="Game\Enemies">
      <UniqueIdentifier>{2ffca5b7-1892-40f7-812f-d8dd4b9b7f1b}</UniqueIdentifier>
    </Filter>
    <Filter Include="Game\GameStates\Town">
      <UniqueIdentifier>{b3eaa233-41f3-4660-a80c-db73bc678f6e}</UniqueIdentifier>
    </Filter>
    <Filter Include="Game\GameStates\Town\Shop">
      <UniqueIdentifier>{bbc2b682-675c-4762-a0b2-6ea7f285292c}</UniqueIdentifier>
    </Filter>
    <Filter Include="Game\GameStates\Town\Tavern">
      <UniqueIdentifier>{c21d5887-b259-4839-b4a5-fd319d48c01b}</UniqueIdentifier>
    </Filter>
    <Filter Include="Game\GameStates\Town\Inn">
      <UniqueIdentifier>{636b37af-47b7-449b-959b-e69d02a26eb7}</UniqueIdentifier>
    </Filter>
    <Filter Include="Game\GameStates\Menus">
      <UniqueIdentifier>{78446a7d-13f7-4863-8fcd-8a8ce346436b}</UniqueIdentifier>
    </Filter>
    <Filter Include="Game\GameStates\Menus\Options">
      <UniqueIdentifier>{ea7c690e-5631-4a9b-b51f-59ed445458bf}</UniqueIdentifier>
    </Filter>
    <Filter Include="Game\GameStates\Menus\StatusMenu">
      <UniqueIdentifier>{90bca1e7-5567-4065-9667-f9ab515980b7}</UniqueIdentifier>
    </Filter>
    <Filter Include="Game\GameStates\Menus\StartMenu">
      <UniqueIdentifier>{04736aa4-ce82-415d-a9ef-aab590672f7c}</UniqueIdentifier>
    </Filter>
    <Filter Include="Game\GameStates\NewGame">
      <UniqueIdentifier>{ed55dfb8-24f0-4304-b347-8855e2c9188f}</UniqueIdentifier>
    </Filter>
    <Filter Include="Game\GameStates\Tower">
      <UniqueIdentifier>{0efaa94d-d6d0-4d4d-896c-89a4b9e37f0c}</UniqueIdentifier>
    </Filter>
    <Filter Include="Game\GameStates\Tower\Battle">
      <UniqueIdentifier>{c1494a42-a927-442a-a545-774578316068}</UniqueIdentifier>
    </Filter>
    <Filter Include="Engine\Input\Cursor">
      <UniqueIdentifier>{f3b85cd8-2e82-49a8-b8f2-5cee64916a52}</UniqueIdentifier>
    </Filter>
    <Filter Include="Engine\Input\DirectInput">
      <UniqueIdentifier>{d7a455b3-00bc-4cfd-8586-8e1079a82faf}</UniqueIdentifier>
    </Filter>
    <Filter Include="Engine\Sound">
      <UniqueIdentifier>{7acd2bc2-917d-440f-b25d-5250226f1342}</UniqueIdentifier>
    </Filter>
    <Filter Include="Engine\Graphics\Mesh">
      <UniqueIdentifier>{5055ff29-4068-4eb2-9998-47d89ab0e3a6}</UniqueIdentifier>
    </Filter>
    <Filter Include="Engine\Graphics\Light">
      <UniqueIdentifier>{f0bafae8-ce28-4838-a619-be6dba22c074}</UniqueIdentifier>
    </Filter>
    <Filter Include="Engine\Graphics\Drawable">
      <UniqueIdentifier>{a07c742a-e27e-474e-848f-48670551ba25}</UniqueIdentifier>
    </Filter>
    <Filter Include="Engine\Graphics\Camera">
      <UniqueIdentifier>{77ff39f0-8f4a-4f10-bc73-52550a31abbf}</UniqueIdentifier>
    </Filter>
    <Filter Include="Engine\Graphics\Text">
      <UniqueIdentifier>{70d211b0-35f5-48bb-809d-dc1e507b567e}</UniqueIdentifier>
    </Filter>
    <Filter Include="Game\Enemies\Slime">
      <UniqueIdentifier>{b0a772ae-1fb3-4e73-8047-741a17c82548}</UniqueIdentifier>
    </Filter>
    <Filter Include="Game\Player\Characters">
      <UniqueIdentifier>{605aa245-6e2e-4c40-9e54-7d3d2c4eef68}</UniqueIdentifier>
    </Filter>
    <Filter Include="Game\Player\Characters\Grem">
      <UniqueIdentifier>{36eb43a3-3fab-403c-9107-925d1f772d39}</UniqueIdentifier>
    </Filter>
    <Filter Include="Game\Player\Characters\Lenn">
      <UniqueIdentifier>{3d4409d3-de33-4fd2-9c21-552dbce7bd85}</UniqueIdentifier>
    </Filter>
    <Filter Include="Game\Player\Characters\Lazarus">
      <UniqueIdentifier>{c670e170-6477-441b-8947-3a08f467314d}</UniqueIdentifier>
    </Filter>
    <Filter Include="Game\Commands/Skills\Commands\Fight">
      <UniqueIdentifier>{3dee60bb-7ae3-4eac-9206-bea1d06e01c7}</UniqueIdentifier>
    </Filter>
    <Filter Include="Game\Commands/Skills\Commands\Item">
      <UniqueIdentifier>{70e7e2ee-b8df-42de-b9e1-2e643286b3ab}</UniqueIdentifier>
    </Filter>
    <Filter Include="Game\Commands/Skills\Commands\Run">
      <UniqueIdentifier>{9fd187e4-4b9d-45bb-a696-15defcaaa438}</UniqueIdentifier>
    </Filter>
    <Filter Include="Game\Items\Equippable">
      <UniqueIdentifier>{ec804951-2a69-4c0c-b72f-faccf84dd052}</UniqueIdentifier>
    </Filter>
    <Filter Include="Game\Items\Equippable\Accessory">
      <UniqueIdentifier>{77b57387-6b61-422d-88a6-1b8a146f3c95}</UniqueIdentifier>
    </Filter>
    <Filter Include="Game\Items\Equippable\Armor">
      <UniqueIdentifier>{0b2c7662-96e1-4aad-ac08-04eb767ede89}</UniqueIdentifier>
    </Filter>
    <Filter Include="Game\Items\Equippable\Dagger">
      <UniqueIdentifier>{92544720-3b09-4f83-87fb-03a7b4b3de00}</UniqueIdentifier>
    </Filter>
    <Filter Include="Game\Items\Equippable\Rune">
      <UniqueIdentifier>{dcf014ba-4b63-4a5e-985a-b0f088b27614}</UniqueIdentifier>
    </Filter>
    <Filter Include="Game\Items\Equippable\Spear">
      <UniqueIdentifier>{29c1e068-4abb-4872-8b4d-3d190c87b71c}</UniqueIdentifier>
    </Filter>
    <Filter Include="Game\Items\Equippable\Staff">
      <UniqueIdentifier>{cca82ce9-7048-47c5-8f6a-3844b9a27c32}</UniqueIdentifier>
    </Filter>
    <Filter Include="Game\Items\Base Item">
      <UniqueIdentifier>{632911b6-b294-4a5e-bd9f-46ea2ad07f91}</UniqueIdentifier>
    </Filter>
    <Filter Include="Game\Items\ItemFactory">
      <UniqueIdentifier>{bdf317ef-9866-44fb-a486-84f23fba37c2}</UniqueIdentifier>
    </Filter>
    <Filter Include="Game\GameStates\Menus\StatusMenu\Inventory">
      <UniqueIdentifier>{30a3a921-4c8f-43d6-85c9-fa56cdba66be}</UniqueIdentifier>
    </Filter>
    <Filter Include="Game\GameStates\Menus\StatusMenu\Equip">
      <UniqueIdentifier>{a0dc6ab0-0ff5-44df-92b3-e156093fc9e7}</UniqueIdentifier>
    </Filter>
    <Filter Include="Game\GameStates\Menus\StatusMenu\Status">
      <UniqueIdentifier>{a0b2aa83-5ddc-4c36-a749-7185e5e5b993}</UniqueIdentifier>
    </Filter>
    <Filter Include="Game\GameStates\Menus\StatusMenu\Skills">
      <UniqueIdentifier>{cbb5a3d2-8147-44cc-a0b4-a8f878ebc3a8}</UniqueIdentifier>
    </Filter>
    <Filter Include="Game\GameStates\Menus\StatusMenu\StatusMain">
      <UniqueIdentifier>{1524d660-d397-4958-b7d9-d57c005d407f}</UniqueIdentifier>
    </Filter>
    <Filter Include="Game\GameStates\Tower\Floorstuff">
      <UniqueIdentifier>{08b26178-a913-4e87-8a9e-3980df689a2a}</UniqueIdentifier>
    </Filter>
    <Filter Include="Game\GameStates\Tower\Floorstuff\Floor">
      <UniqueIdentifier>{58e59aec-7771-47a7-8950-421b272425bf}</UniqueIdentifier>
    </Filter>
    <Filter Include="Game\GameStates\Tower\Floorstuff\FloorGenerator">
      <UniqueIdentifier>{2ffe381e-f0a0-420f-b7e1-c6f406815ff0}</UniqueIdentifier>
    </Filter>
    <Filter Include="Game\Commands/Skills\Commands\Rage">
      <UniqueIdentifier>{cebb9893-2dab-4b10-b7fe-dcc0325734c4}</UniqueIdentifier>
    </Filter>
    <Filter Include="Game\Commands/Skills\Commands\Subtlety">
      <UniqueIdentifier>{2466ef58-de42-4aab-96a2-9525b8d88649}</UniqueIdentifier>
    </Filter>
    <Filter Include="Game\Commands/Skills\Commands\Elemental">
      <UniqueIdentifier>{6b8f9c87-fe95-4249-a016-4e497f7ea08a}</UniqueIdentifier>
    </Filter>
    <Filter Include="Game\Commands/Skills\skills\Rage">
      <UniqueIdentifier>{3df6a591-af85-49f5-8f6d-d0e0b204ccd9}</UniqueIdentifier>
    </Filter>
    <Filter Include="Game\Commands/Skills\skills\Elemental">
      <UniqueIdentifier>{e3848eeb-f1e3-4cf9-ae63-c8a380febd91}</UniqueIdentifier>
    </Filter>
    <Filter Include="Game\Commands/Skills\skills\Subtlety">
      <UniqueIdentifier>{711a1cf4-23cf-4c58-a8ee-1d4d62a1c7a0}</UniqueIdentifier>
    </Filter>
    <Filter Include="Game\Commands/Skills\skills\Rage\Jump">
      <UniqueIdentifier>{1b57ee97-ec30-4c97-9279-d94f83c7cf99}</UniqueIdentifier>
    </Filter>
    <Filter Include="Game\Commands/Skills\skills\Subtlety\Steal">
      <UniqueIdentifier>{03a85386-cd9c-4c6d-b704-8509749c1f23}</UniqueIdentifier>
    </Filter>
    <Filter Include="Game\Commands/Skills\skills\Elemental\Wind">
      <UniqueIdentifier>{9ba810ad-40f1-4d16-8d13-2564930847e3}</UniqueIdentifier>
    </Filter>
    <Filter Include="Game\Commands/Skills\skills\Elemental\Fire">
      <UniqueIdentifier>{0892c0ae-8e3c-4ef9-9bb7-64720fddc337}</UniqueIdentifier>
    </Filter>
    <Filter Include="Game\Commands/Skills\skills\Rage\Charge">
      <UniqueIdentifier>{3ed848e3-b7ff-414b-9302-eadd90f98c2d}</UniqueIdentifier>
    </Filter>
    <Filter Include="Game\Commands/Skills\skills\Subtlety\Mug">
      <UniqueIdentifier>{2763e0d7-2016-44ab-80da-4425a811e278}</UniqueIdentifier>
    </Filter>
  </ItemGroup>
  <ItemGroup>
    <FxCompile Include="Shader.fx">
      <Filter>Assets</Filter>
    </FxCompile>
  </ItemGroup>
</Project>